
Microsoft Visual Studio Solution File, Format Version 12.00
# Visual Studio 15
VisualStudioVersion = 15.0.28307.489
MinimumVisualStudioVersion = 10.0.40219.1
Project("{888888A0-9F3D-457C-B088-3A5042F75D52}") = "Stratec", "Stratec.pyproj", "{EB8F69A1-D506-4DE8-AB08-6A2DDFABB4D0}"
EndProject
Global
	GlobalSection(SolutionConfigurationPlatforms) = preSolution
		Debug|Any CPU = Debug|Any CPU
		Release|Any CPU = Release|Any CPU
	EndGlobalSection
	GlobalSection(ProjectConfigurationPlatforms) = postSolution
		{EB8F69A1-D506-4DE8-AB08-6A2DDFABB4D0}.Debug|Any CPU.ActiveCfg = Debug|Any CPU
		{EB8F69A1-D506-4DE8-AB08-6A2DDFABB4D0}.Release|Any CPU.ActiveCfg = Release|Any CPU
	EndGlobalSection
	GlobalSection(SolutionProperties) = preSolution
		HideSolutionNode = FALSE
	EndGlobalSection
	GlobalSection(ExtensibilityGlobals) = postSolution
		SolutionGuid = {2CA9FE37-8D66-4037-BE56-3783E682EAD5}
	EndGlobalSection
EndGlobal
